<?xml version="1.0" encoding="UTF-8" standalone="yes" ?>
<CodeBlocks_project_file>
	<FileVersion major="1" minor="6" />
	<Project>
		<Option title="SleepyHead" />
		<Option pch_mode="2" />
		<Option compiler="gcc" />
		<Build>
			<Target title="Debug">
				<Option output="bin/Debug/SleepyHead" prefix_auto="1" extension_auto="1" />
				<Option object_output="obj/Debug/" />
				<Option type="0" />
				<Option compiler="gcc" />
				<Option projectLinkerOptionsRelation="2" />
				<Compiler>
					<Add option="-g" />
					<Add directory="../../src/libs" />
					<Add directory="../../src" />
				</Compiler>
			</Target>
			<Target title="Release">
				<Option output="bin/Release/SleepyHead" prefix_auto="1" extension_auto="1" />
				<Option object_output="obj/Release/" />
				<Option type="0" />
				<Option compiler="gcc" />
				<Option projectLinkerOptionsRelation="2" />
				<Compiler>
					<Add option="-O2" />
					<Add option="-pg" />
					<Add directory="../../src/libs" />
					<Add directory="../../src" />
				</Compiler>
				<Linker>
					<Add option="-pg" />
				</Linker>
			</Target>
			<Target title="Windows">
				<Option output="bin/Windows/SleepyHead" prefix_auto="1" extension_auto="1" />
				<Option working_dir="bin/Windows/" />
				<Option object_output="obj/Windows/" />
				<Option type="0" />
				<Option compiler="mingw" />
				<Option projectCompilerOptionsRelation="1" />
				<Option projectLinkerOptionsRelation="1" />
				<Compiler>
					<Add option="-march=i686" />
					<Add option="-O2" />
					<Add option="`i686-pc-mingw32-wx-config --version=2.9 --cflags`" />
					<Add option="-I/usr/include/freetype2" />
					<Add directory="../../src/libs" />
					<Add directory="../../src" />
				</Compiler>
				<Linker>
					<Add option="-s" />
					<Add option="-lftgl" />
					<Add option="-lfreetype" />
					<Add option="`i686-pc-mingw32-wx-config --version=2.9 --libs richtext,aui,xrc,qa,html,adv,core,xml,net,base,gl`" />
					<Add option="-lgdiplus" />
				</Linker>
			</Target>
			<Target title="Debug-wx29">
				<Option output="bin/Debug-wx29/SleepyHead" prefix_auto="1" extension_auto="1" />
				<Option object_output="obj/Debug-wx29/" />
				<Option type="0" />
				<Option compiler="gcc" />
				<Option projectCompilerOptionsRelation="1" />
				<Option projectLinkerOptionsRelation="1" />
				<Compiler>
					<Add option="-g" />
					<Add option="`wx-config --version=2.9 --cflags`" />
					<Add option="-I/usr/include/freetype2" />
					<Add directory="../../src/libs" />
					<Add directory="../../src" />
				</Compiler>
				<Linker>
					<Add option="`wx-config --version=2.9 --libs aui,xrc,qa,html,adv,core,net,base,gl`" />
					<Add option="-lftgl" />
				</Linker>
			</Target>
		</Build>
		<Compiler>
			<Add option="-Wall" />
			<Add option="`wx-config --version=2.8 --cflags`" />
			<Add option="-I/usr/include/freetype2" />
			<Add directory="../../src/libs" />
			<Add directory="../../src" />
		</Compiler>
		<Linker>
			<Add option="`wx-config --version=2.8 --libs aui,xrc,qa,html,adv,core,net,base,gl`" />
			<Add option="-lftgl" />
		</Linker>
		<Unit filename="../../src/GUIFrame.cpp" />
		<Unit filename="../../src/GUIFrame.h" />
		<Unit filename="../../src/SleepyHeadApp.cpp" />
		<Unit filename="../../src/SleepyHeadApp.h" />
		<Unit filename="../../src/SleepyHeadMain.cpp" />
		<Unit filename="../../src/SleepyHeadMain.h" />
		<Unit filename="../../src/WxWizFrame.fbp" />
		<Unit filename="../../src/graphs/freesans.c">
			<Option compilerVar="CC" />
		</Unit>
		<Unit filename="../../src/graphs/graph.cpp" />
		<Unit filename="../../src/graphs/graph.h" />
		<Unit filename="../../src/libs/sleeplib/binary_file.cpp" />
		<Unit filename="../../src/libs/sleeplib/binary_file.h" />
		<Unit filename="../../src/libs/sleeplib/loader_plugins/cms50_loader.cpp" />
		<Unit filename="../../src/libs/sleeplib/loader_plugins/cms50_loader.h" />
		<Unit filename="../../src/libs/sleeplib/loader_plugins/zeo_loader.cpp" />
		<Unit filename="../../src/libs/sleeplib/loader_plugins/zeo_loader.h" />
		<Unit filename="../../src/libs/sleeplib/machine.cpp" />
		<Unit filename="../../src/libs/sleeplib/machine.h" />
		<Unit filename="../../src/libs/sleeplib/machine_loader.cpp" />
		<Unit filename="../../src/libs/sleeplib/machine_loader.h" />
		<Unit filename="../../src/libs/sleeplib/preferences.cpp" />
		<Unit filename="../../src/libs/sleeplib/preferences.h" />
		<Unit filename="../../src/libs/sleeplib/profiles.cpp" />
		<Unit filename="../../src/libs/sleeplib/profiles.h" />
		<Unit filename="../../src/libs/sleeplib/prs1_loader.cpp" />
		<Unit filename="../../src/libs/sleeplib/prs1_loader.h" />
		<Unit filename="../../src/libs/tinyxml/tinystr.cpp" />
		<Unit filename="../../src/libs/tinyxml/tinystr.h" />
		<Unit filename="../../src/libs/tinyxml/tinyxml.cpp" />
		<Unit filename="../../src/libs/tinyxml/tinyxml.h" />
		<Unit filename="../../src/libs/tinyxml/tinyxmlerror.cpp" />
		<Unit filename="../../src/libs/tinyxml/tinyxmlparser.cpp" />
		<Unit filename="../../src/version.h" />
		<Extensions>
			<code_completion />
			<envvars />
			<debugger />
			<lib_finder disable_auto="1" />
			<AutoVersioning>
				<Scheme minor_max="10" build_max="0" rev_max="0" rev_rand_max="10" build_times_to_increment_minor="300" />
				<Settings autoincrement="0" date_declarations="1" do_auto_increment="1" ask_to_increment="0" language="C++" svn="0" svn_directory="" header_path="../../src/version.h" />
				<Changes_Log show_changes_editor="0" app_title="released version %M.%m.%b of %p" changeslog_path="ChangesLog.txt" />
				<Code header_guard="VERSION_H" namespace="AutoVersion" prefix="" />
			</AutoVersioning>
			<wxsmith version="1">
				<gui name="wxWidgets" src="" main="" init_handlers="necessary" language="CPP" />
			</wxsmith>
		</Extensions>
	</Project>
</CodeBlocks_project_file>
